
Microsoft Visual Studio Solution File, Format Version 12.00
# Visual Studio Version 16
VisualStudioVersion = 16.0.29709.97
MinimumVisualStudioVersion = 10.0.40219.1
Project("{FAE04EC0-301F-11D3-BF4B-00C04F79EFBC}") = "AppInsightsIssue", "AppInsightsIssue\AppInsightsIssue.csproj", "{51F03797-D8F0-4622-98A7-957B21E1CAF2}"
EndProject
Global
	GlobalSection(SolutionConfigurationPlatforms) = preSolution
		Debug|Any CPU = Debug|Any CPU
		Release|Any CPU = Release|Any CPU
	EndGlobalSection
	GlobalSection(ProjectConfigurationPlatforms) = postSolution
		{51F03797-D8F0-4622-98A7-957B21E1CAF2}.Debug|Any CPU.ActiveCfg = Debug|Any CPU
		{51F03797-D8F0-4622-98A7-957B21E1CAF2}.Debug|Any CPU.Build.0 = Debug|Any CPU
		{51F03797-D8F0-4622-98A7-957B21E1CAF2}.Release|Any CPU.ActiveCfg = Release|Any CPU
		{51F03797-D8F0-4622-98A7-957B21E1CAF2}.Release|Any CPU.Build.0 = Release|Any CPU
	EndGlobalSection
	GlobalSection(SolutionProperties) = preSolution
		HideSolutionNode = FALSE
	EndGlobalSection
	GlobalSection(ExtensibilityGlobals) = postSolution
		SolutionGuid = {27A0B347-96D6-423B-90C7-DBAD9E5A6201}
	EndGlobalSection
EndGlobal
